{
  "R": {
    "Version": "4.3.2",
    "Repositories": [
      {
        "Name": "CRAN",
        "URL": "https://p3m.dev/cran/latest"
      }
    ]
  },
  "Bioconductor": {
    "Version": "3.18"
  },
  "Packages": {
    "knitr": {
      "Package": "knitr",
      "Version": "1.49",
      "Source": "Repository",
      "Repository": "RSPM",
      "Requirements": [
        "R",
        "evaluate",
        "highr",
        "methods",
        "tools",
        "xfun",
        "yaml"
      ],
      "Hash": "9fcb189926d93c636dea94fbe4f44480"
    },
    "markdown": {
      "Package": "markdown",
      "Version": "1.12",
      "Source": "Repository",
      "Repository": "CRAN",
      "Requirements": [
        "R",
        "commonmark",
        "utils",
        "xfun"
      ],
      "Hash": "765cf53992401b3b6c297b69e1edb8bd"
    },
    "rmarkdown": {
      "Package": "rmarkdown",
      "Version": "2.29",
      "Source": "Repository",
      "Repository": "RSPM",
      "Requirements": [
        "R",
        "bslib",
        "evaluate",
        "fontawesome",
        "htmltools",
        "jquerylib",
        "jsonlite",
        "knitr",
        "methods",
        "tinytex",
        "tools",
        "utils",
        "xfun",
        "yaml"
      ],
      "Hash": "df99277f63d01c34e95e3d2f06a79736"
    },
    "rstudioapi": {
      "Package": "rstudioapi",
      "Version": "0.17.1",
      "Source": "Repository",
      "Repository": "RSPM",
      "Hash": "5f90cd73946d706cfe26024294236113"
    }
  }
}